
Microsoft Visual Studio Solution File, Format Version 12.00
# Visual Studio Version 17
VisualStudioVersion = 17.2.32630.192
MinimumVisualStudioVersion = 10.0.40219.1
Project("{FAE04EC0-301F-11D3-BF4B-00C04F79EFBC}") = "bipubServer", "bipubServer.csproj", "{A0CEF629-F763-41F4-8837-4D894D3A5A2A}"
EndProject
Global
	GlobalSection(SolutionConfigurationPlatforms) = preSolution
		Debug|Any CPU = Debug|Any CPU
		Release|Any CPU = Release|Any CPU
	EndGlobalSection
	GlobalSection(ProjectConfigurationPlatforms) = postSolution
		{A0CEF629-F763-41F4-8837-4D894D3A5A2A}.Debug|Any CPU.ActiveCfg = Debug|Any CPU
		{A0CEF629-F763-41F4-8837-4D894D3A5A2A}.Debug|Any CPU.Build.0 = Debug|Any CPU
		{A0CEF629-F763-41F4-8837-4D894D3A5A2A}.Release|Any CPU.ActiveCfg = Release|Any CPU
		{A0CEF629-F763-41F4-8837-4D894D3A5A2A}.Release|Any CPU.Build.0 = Release|Any CPU
	EndGlobalSection
	GlobalSection(SolutionProperties) = preSolution
		HideSolutionNode = FALSE
	EndGlobalSection
	GlobalSection(ExtensibilityGlobals) = postSolution
		SolutionGuid = {01102428-0268-47E9-8FC2-E5209F9CE6FA}
	EndGlobalSection
EndGlobal
